
Microsoft Visual Studio Solution File, Format Version 12.00
# Visual Studio Version 17
VisualStudioVersion = 17.6.33723.286
MinimumVisualStudioVersion = 10.0.40219.1
Project("{FAE04EC0-301F-11D3-BF4B-00C04F79EFBC}") = "Day2", "Day2.csproj", "{7088F647-E582-402A-9224-78B62E4CB2F9}"
EndProject
Global
	GlobalSection(SolutionConfigurationPlatforms) = preSolution
		Debug|Any CPU = Debug|Any CPU
		Release|Any CPU = Release|Any CPU
	EndGlobalSection
	GlobalSection(ProjectConfigurationPlatforms) = postSolution
		{7088F647-E582-402A-9224-78B62E4CB2F9}.Debug|Any CPU.ActiveCfg = Debug|Any CPU
		{7088F647-E582-402A-9224-78B62E4CB2F9}.Debug|Any CPU.Build.0 = Debug|Any CPU
		{7088F647-E582-402A-9224-78B62E4CB2F9}.Release|Any CPU.ActiveCfg = Release|Any CPU
		{7088F647-E582-402A-9224-78B62E4CB2F9}.Release|Any CPU.Build.0 = Release|Any CPU
	EndGlobalSection
	GlobalSection(SolutionProperties) = preSolution
		HideSolutionNode = FALSE
	EndGlobalSection
	GlobalSection(ExtensibilityGlobals) = postSolution
		SolutionGuid = {FB162850-D0BD-45DF-8701-1DCF3F8A3EA4}
	EndGlobalSection
EndGlobal
